// !$*UTF8*$!
{
	archiveVersion = 1;
	classes = {
	};
	objectVersion = 55;
	objects = {

/* Begin PBXBuildFile section */
		7F554A096E1FF8198368ED33 /* Pods_parstagram.framework in Frameworks */ = {isa = PBXBuildFile; fileRef = CB5B84AB62736CD89DFBEF05 /* Pods_parstagram.framework */; };
		AA202EB027E9170400F583BA /* AppDelegate.swift in Sources */ = {isa = PBXBuildFile; fileRef = AA202EAF27E9170400F583BA /* AppDelegate.swift */; };
		AA202EB227E9170400F583BA /* SceneDelegate.swift in Sources */ = {isa = PBXBuildFile; fileRef = AA202EB127E9170400F583BA /* SceneDelegate.swift */; };
		AA202EB727E9170400F583BA /* Main.storyboard in Resources */ = {isa = PBXBuildFile; fileRef = AA202EB527E9170400F583BA /* Main.storyboard */; };
		AA202EB927E9170400F583BA /* Assets.xcassets in Resources */ = {isa = PBXBuildFile; fileRef = AA202EB827E9170400F583BA /* Assets.xcassets */; };
		AA202EBC27E9170400F583BA /* LaunchScreen.storyboard in Resources */ = {isa = PBXBuildFile; fileRef = AA202EBA27E9170400F583BA /* LaunchScreen.storyboard */; };
		AA202EC727E9170400F583BA /* parstagramTests.swift in Sources */ = {isa = PBXBuildFile; fileRef = AA202EC627E9170400F583BA /* parstagramTests.swift */; };
		AA202ED127E9170400F583BA /* parstagramUITests.swift in Sources */ = {isa = PBXBuildFile; fileRef = AA202ED027E9170400F583BA /* parstagramUITests.swift */; };
		AA202ED327E9170400F583BA /* parstagramUITestsLaunchTests.swift in Sources */ = {isa = PBXBuildFile; fileRef = AA202ED227E9170400F583BA /* parstagramUITestsLaunchTests.swift */; };
		AA28F7E827EAA40F005D7DA4 /* LoginViewController.swift in Sources */ = {isa = PBXBuildFile; fileRef = AA28F7E727EAA40F005D7DA4 /* LoginViewController.swift */; };
		AAB80C9B27EABF2F0017C2E4 /* CameraViewController.swift in Sources */ = {isa = PBXBuildFile; fileRef = AAB80C9A27EABF2F0017C2E4 /* CameraViewController.swift */; };
		AAB80C9D27EBB8E60017C2E4 /* APIKeys.swift in Sources */ = {isa = PBXBuildFile; fileRef = AAB80C9C27EBB8E60017C2E4 /* APIKeys.swift */; };
		AAB80C9F27EBD1E50017C2E4 /* PostCell.swift in Sources */ = {isa = PBXBuildFile; fileRef = AAB80C9E27EBD1E50017C2E4 /* PostCell.swift */; };
		AAE12A3D27EE66AF00561904 /* FeedViewTableViewController.swift in Sources */ = {isa = PBXBuildFile; fileRef = AAE12A3C27EE66AF00561904 /* FeedViewTableViewController.swift */; };
/* End PBXBuildFile section */

/* Begin PBXContainerItemProxy section */
		AA202EC327E9170400F583BA /* PBXContainerItemProxy */ = {
			isa = PBXContainerItemProxy;
			containerPortal = AA202EA427E9170400F583BA /* Project object */;
			proxyType = 1;
			remoteGlobalIDString = AA202EAB27E9170400F583BA;
			remoteInfo = parstagram;
		};
		AA202ECD27E9170400F583BA /* PBXContainerItemProxy */ = {
			isa = PBXContainerItemProxy;
			containerPortal = AA202EA427E9170400F583BA /* Project object */;
			proxyType = 1;
			remoteGlobalIDString = AA202EAB27E9170400F583BA;
			remoteInfo = parstagram;
		};
/* End PBXContainerItemProxy section */

/* Begin PBXFileReference section */
		81FBD85A602CB75106BA4D05 /* Pods-parstagram.debug.xcconfig */ = {isa = PBXFileReference; includeInIndex = 1; lastKnownFileType = text.xcconfig; name = "Pods-parstagram.debug.xcconfig"; path = "Target Support Files/Pods-parstagram/Pods-parstagram.debug.xcconfig"; sourceTree = "<group>"; };
		AA202EAC27E9170400F583BA /* parstagram.app */ = {isa = PBXFileReference; explicitFileType = wrapper.application; includeInIndex = 0; path = parstagram.app; sourceTree = BUILT_PRODUCTS_DIR; };
		AA202EAF27E9170400F583BA /* AppDelegate.swift */ = {isa = PBXFileReference; lastKnownFileType = sourcecode.swift; path = AppDelegate.swift; sourceTree = "<group>"; };
		AA202EB127E9170400F583BA /* SceneDelegate.swift */ = {isa = PBXFileReference; lastKnownFileType = sourcecode.swift; path = SceneDelegate.swift; sourceTree = "<group>"; };
		AA202EB627E9170400F583BA /* Base */ = {isa = PBXFileReference; lastKnownFileType = file.storyboard; name = Base; path = Base.lproj/Main.storyboard; sourceTree = "<group>"; };
		AA202EB827E9170400F583BA /* Assets.xcassets */ = {isa = PBXFileReference; lastKnownFileType = folder.assetcatalog; path = Assets.xcassets; sourceTree = "<group>"; };
		AA202EBB27E9170400F583BA /* Base */ = {isa = PBXFileReference; lastKnownFileType = file.storyboard; name = Base; path = Base.lproj/LaunchScreen.storyboard; sourceTree = "<group>"; };
		AA202EBD27E9170400F583BA /* Info.plist */ = {isa = PBXFileReference; lastKnownFileType = text.plist.xml; path = Info.plist; sourceTree = "<group>"; };
		AA202EC227E9170400F583BA /* parstagramTests.xctest */ = {isa = PBXFileReference; explicitFileType = wrapper.cfbundle; includeInIndex = 0; path = parstagramTests.xctest; sourceTree = BUILT_PRODUCTS_DIR; };
		AA202EC627E9170400F583BA /* parstagramTests.swift */ = {isa = PBXFileReference; lastKnownFileType = sourcecode.swift; path = parstagramTests.swift; sourceTree = "<group>"; };
		AA202ECC27E9170400F583BA /* parstagramUITests.xctest */ = {isa = PBXFileReference; explicitFileType = wrapper.cfbundle; includeInIndex = 0; path = parstagramUITests.xctest; sourceTree = BUILT_PRODUCTS_DIR; };
		AA202ED027E9170400F583BA /* parstagramUITests.swift */ = {isa = PBXFileReference; lastKnownFileType = sourcecode.swift; path = parstagramUITests.swift; sourceTree = "<group>"; };
		AA202ED227E9170400F583BA /* parstagramUITestsLaunchTests.swift */ = {isa = PBXFileReference; lastKnownFileType = sourcecode.swift; path = parstagramUITestsLaunchTests.swift; sourceTree = "<group>"; };
		AA28F7E727EAA40F005D7DA4 /* LoginViewController.swift */ = {isa = PBXFileReference; lastKnownFileType = sourcecode.swift; path = LoginViewController.swift; sourceTree = "<group>"; };
		AAB80C9A27EABF2F0017C2E4 /* CameraViewController.swift */ = {isa = PBXFileReference; lastKnownFileType = sourcecode.swift; path = CameraViewController.swift; sourceTree = "<group>"; };
		AAB80C9C27EBB8E60017C2E4 /* APIKeys.swift */ = {isa = PBXFileReference; lastKnownFileType = sourcecode.swift; path = APIKeys.swift; sourceTree = "<group>"; };
		AAB80C9E27EBD1E50017C2E4 /* PostCell.swift */ = {isa = PBXFileReference; lastKnownFileType = sourcecode.swift; path = PostCell.swift; sourceTree = "<group>"; };
		AAE12A3C27EE66AF00561904 /* FeedViewTableViewController.swift */ = {isa = PBXFileReference; lastKnownFileType = sourcecode.swift; path = FeedViewTableViewController.swift; sourceTree = "<group>"; };
		C44AD15CF9593CB31BD94C73 /* Pods-parstagram.release.xcconfig */ = {isa = PBXFileReference; includeInIndex = 1; lastKnownFileType = text.xcconfig; name = "Pods-parstagram.release.xcconfig"; path = "Target Support Files/Pods-parstagram/Pods-parstagram.release.xcconfig"; sourceTree = "<group>"; };
		CB5B84AB62736CD89DFBEF05 /* Pods_parstagram.framework */ = {isa = PBXFileReference; explicitFileType = wrapper.framework; includeInIndex = 0; path = Pods_parstagram.framework; sourceTree = BUILT_PRODUCTS_DIR; };
/* End PBXFileReference section */

/* Begin PBXFrameworksBuildPhase section */
		AA202EA927E9170400F583BA /* Frameworks */ = {
			isa = PBXFrameworksBuildPhase;
			buildActionMask = 2147483647;
			files = (
				7F554A096E1FF8198368ED33 /* Pods_parstagram.framework in Frameworks */,
			);
			runOnlyForDeploymentPostprocessing = 0;
		};
		AA202EBF27E9170400F583BA /* Frameworks */ = {
			isa = PBXFrameworksBuildPhase;
			buildActionMask = 2147483647;
			files = (
			);
			runOnlyForDeploymentPostprocessing = 0;
		};
		AA202EC927E9170400F583BA /* Frameworks */ = {
			isa = PBXFrameworksBuildPhase;
			buildActionMask = 2147483647;
			files = (
			);
			runOnlyForDeploymentPostprocessing = 0;
		};
/* End PBXFrameworksBuildPhase section */

/* Begin PBXGroup section */
		71D6911F5E9B57E29CBCD6BE /* Pods */ = {
			isa = PBXGroup;
			children = (
				81FBD85A602CB75106BA4D05 /* Pods-parstagram.debug.xcconfig */,
				C44AD15CF9593CB31BD94C73 /* Pods-parstagram.release.xcconfig */,
			);
			path = Pods;
			sourceTree = "<group>";
		};
		AA202EA327E9170400F583BA = {
			isa = PBXGroup;
			children = (
				AA202EAE27E9170400F583BA /* parstagram */,
				AA202EC527E9170400F583BA /* parstagramTests */,
				AA202ECF27E9170400F583BA /* parstagramUITests */,
				AA202EAD27E9170400F583BA /* Products */,
				71D6911F5E9B57E29CBCD6BE /* Pods */,
				ABF4E2B4936C33C28A692108 /* Frameworks */,
			);
			sourceTree = "<group>";
		};
		AA202EAD27E9170400F583BA /* Products */ = {
			isa = PBXGroup;
			children = (
				AA202EAC27E9170400F583BA /* parstagram.app */,
				AA202EC227E9170400F583BA /* parstagramTests.xctest */,
				AA202ECC27E9170400F583BA /* parstagramUITests.xctest */,
			);
			name = Products;
			sourceTree = "<group>";
		};
		AA202EAE27E9170400F583BA /* parstagram */ = {
			isa = PBXGroup;
			children = (
				AA202EAF27E9170400F583BA /* AppDelegate.swift */,
				AA202EB127E9170400F583BA /* SceneDelegate.swift */,
				AA202EB527E9170400F583BA /* Main.storyboard */,
				AAB80C9E27EBD1E50017C2E4 /* PostCell.swift */,
				AAB80C9A27EABF2F0017C2E4 /* CameraViewController.swift */,
				AAB80C9C27EBB8E60017C2E4 /* APIKeys.swift */,
				AAE12A3C27EE66AF00561904 /* FeedViewTableViewController.swift */,
				AA28F7E727EAA40F005D7DA4 /* LoginViewController.swift */,
				AA202EB827E9170400F583BA /* Assets.xcassets */,
				AA202EBA27E9170400F583BA /* LaunchScreen.storyboard */,
				AA202EBD27E9170400F583BA /* Info.plist */,
			);
			path = parstagram;
			sourceTree = "<group>";
		};
		AA202EC527E9170400F583BA /* parstagramTests */ = {
			isa = PBXGroup;
			children = (
				AA202EC627E9170400F583BA /* parstagramTests.swift */,
			);
			path = parstagramTests;
			sourceTree = "<group>";
		};
		AA202ECF27E9170400F583BA /* parstagramUITests */ = {
			isa = PBXGroup;
			children = (
				AA202ED027E9170400F583BA /* parstagramUITests.swift */,
				AA202ED227E9170400F583BA /* parstagramUITestsLaunchTests.swift */,
			);
			path = parstagramUITests;
			sourceTree = "<group>";
		};
		ABF4E2B4936C33C28A692108 /* Frameworks */ = {
			isa = PBXGroup;
			children = (
				CB5B84AB62736CD89DFBEF05 /* Pods_parstagram.framework */,
			);
			name = Frameworks;
			sourceTree = "<group>";
		};
/* End PBXGroup section */

/* Begin PBXNativeTarget section */
		AA202EAB27E9170400F583BA /* parstagram */ = {
			isa = PBXNativeTarget;
			buildConfigurationList = AA202ED627E9170400F583BA /* Build configuration list for PBXNativeTarget "parstagram" */;
			buildPhases = (
				C6DCA34697B3060215AB7893 /* [CP] Check Pods Manifest.lock */,
				AA202EA827E9170400F583BA /* Sources */,
				AA202EA927E9170400F583BA /* Frameworks */,
				AA202EAA27E9170400F583BA /* Resources */,
				3D83D7D92238C23619CB3E1A /* [CP] Embed Pods Frameworks */,
			);
			buildRules = (
			);
			dependencies = (
			);
			name = parstagram;
			productName = parstagram;
			productReference = AA202EAC27E9170400F583BA /* parstagram.app */;
			productType = "com.apple.product-type.application";
		};
		AA202EC127E9170400F583BA /* parstagramTests */ = {
			isa = PBXNativeTarget;
			buildConfigurationList = AA202ED927E9170400F583BA /* Build configuration list for PBXNativeTarget "parstagramTests" */;
			buildPhases = (
				AA202EBE27E9170400F583BA /* Sources */,
				AA202EBF27E9170400F583BA /* Frameworks */,
				AA202EC027E9170400F583BA /* Resources */,
			);
			buildRules = (
			);
			dependencies = (
				AA202EC427E9170400F583BA /* PBXTargetDependency */,
			);
			name = parstagramTests;
			productName = parstagramTests;
			productReference = AA202EC227E9170400F583BA /* parstagramTests.xctest */;
			productType = "com.apple.product-type.bundle.unit-test";
		};
		AA202ECB27E9170400F583BA /* parstagramUITests */ = {
			isa = PBXNativeTarget;
			buildConfigurationList = AA202EDC27E9170400F583BA /* Build configuration list for PBXNativeTarget "parstagramUITests" */;
			buildPhases = (
				AA202EC827E9170400F583BA /* Sources */,
				AA202EC927E9170400F583BA /* Frameworks */,
				AA202ECA27E9170400F583BA /* Resources */,
			);
			buildRules = (
			);
			dependencies = (
				AA202ECE27E9170400F583BA /* PBXTargetDependency */,
			);
			name = parstagramUITests;
			productName = parstagramUITests;
			productReference = AA202ECC27E9170400F583BA /* parstagramUITests.xctest */;
			productType = "com.apple.product-type.bundle.ui-testing";
		};
/* End PBXNativeTarget section */

/* Begin PBXProject section */
		AA202EA427E9170400F583BA /* Project object */ = {
			isa = PBXProject;
			attributes = {
				BuildIndependentTargetsInParallel = 1;
				LastSwiftUpdateCheck = 1320;
				LastUpgradeCheck = 1320;
				TargetAttributes = {
					AA202EAB27E9170400F583BA = {
						CreatedOnToolsVersion = 13.2.1;
					};
					AA202EC127E9170400F583BA = {
						CreatedOnToolsVersion = 13.2.1;
						TestTargetID = AA202EAB27E9170400F583BA;
					};
					AA202ECB27E9170400F583BA = {
						CreatedOnToolsVersion = 13.2.1;
						TestTargetID = AA202EAB27E9170400F583BA;
					};
				};
			};
			buildConfigurationList = AA202EA727E9170400F583BA /* Build configuration list for PBXProject "parstagram" */;
			compatibilityVersion = "Xcode 13.0";
			developmentRegion = en;
			hasScannedForEncodings = 0;
			knownRegions = (
				en,
				Base,
			);
			mainGroup = AA202EA327E9170400F583BA;
			productRefGroup = AA202EAD27E9170400F583BA /* Products */;
			projectDirPath = "";
			projectRoot = "";
			targets = (
				AA202EAB27E9170400F583BA /* parstagram */,
				AA202EC127E9170400F583BA /* parstagramTests */,
				AA202ECB27E9170400F583BA /* parstagramUITests */,
			);
		};
/* End PBXProject section */

/* Begin PBXResourcesBuildPhase section */
		AA202EAA27E9170400F583BA /* Resources */ = {
			isa = PBXResourcesBuildPhase;
			buildActionMask = 2147483647;
			files = (
				AA202EBC27E9170400F583BA /* LaunchScreen.storyboard in Resources */,
				AA202EB927E9170400F583BA /* Assets.xcassets in Resources */,
				AA202EB727E9170400F583BA /* Main.storyboard in Resources */,
			);
			runOnlyForDeploymentPostprocessing = 0;
		};
		AA202EC027E9170400F583BA /* Resources */ = {
			isa = PBXResourcesBuildPhase;
			buildActionMask = 2147483647;
			files = (
			);
			runOnlyForDeploymentPostprocessing = 0;
		};
		AA202ECA27E9170400F583BA /* Resources */ = {
			isa = PBXResourcesBuildPhase;
			buildActionMask = 2147483647;
			files = (
			);
			runOnlyForDeploymentPostprocessing = 0;
		};
/* End PBXResourcesBuildPhase section */

/* Begin PBXShellScriptBuildPhase section */
		3D83D7D92238C23619CB3E1A /* [CP] Embed Pods Frameworks */ = {
			isa = PBXShellScriptBuildPhase;
			buildActionMask = 2147483647;
			files = (
			);
			inputFileListPaths = (
				"${PODS_ROOT}/Target Support Files/Pods-parstagram/Pods-parstagram-frameworks-${CONFIGURATION}-input-files.xcfilelist",
			);
			name = "[CP] Embed Pods Frameworks";
			outputFileListPaths = (
				"${PODS_ROOT}/Target Support Files/Pods-parstagram/Pods-parstagram-frameworks-${CONFIGURATION}-output-files.xcfilelist",
			);
			runOnlyForDeploymentPostprocessing = 0;
			shellPath = /bin/sh;
			shellScript = "\"${PODS_ROOT}/Target Support Files/Pods-parstagram/Pods-parstagram-frameworks.sh\"\n";
			showEnvVarsInLog = 0;
		};
		C6DCA34697B3060215AB7893 /* [CP] Check Pods Manifest.lock */ = {
			isa = PBXShellScriptBuildPhase;
			buildActionMask = 2147483647;
			files = (
			);
			inputFileListPaths = (
			);
			inputPaths = (
				"${PODS_PODFILE_DIR_PATH}/Podfile.lock",
				"${PODS_ROOT}/Manifest.lock",
			);
			name = "[CP] Check Pods Manifest.lock";
			outputFileListPaths = (
			);
			outputPaths = (
				"$(DERIVED_FILE_DIR)/Pods-parstagram-checkManifestLockResult.txt",
			);
			runOnlyForDeploymentPostprocessing = 0;
			shellPath = /bin/sh;
			shellScript = "diff \"${PODS_PODFILE_DIR_PATH}/Podfile.lock\" \"${PODS_ROOT}/Manifest.lock\" > /dev/null\nif [ $? != 0 ] ; then\n    # print error to STDERR\n    echo \"error: The sandbox is not in sync with the Podfile.lock. Run 'pod install' or update your CocoaPods installation.\" >&2\n    exit 1\nfi\n# This output is used by Xcode 'outputs' to avoid re-running this script phase.\necho \"SUCCESS\" > \"${SCRIPT_OUTPUT_FILE_0}\"\n";
			showEnvVarsInLog = 0;
		};
/* End PBXShellScriptBuildPhase section */

/* Begin PBXSourcesBuildPhase section */
		AA202EA827E9170400F583BA /* Sources */ = {
			isa = PBXSourcesBuildPhase;
			buildActionMask = 2147483647;
			files = (
				AAB80C9F27EBD1E50017C2E4 /* PostCell.swift in Sources */,
				AAB80C9D27EBB8E60017C2E4 /* APIKeys.swift in Sources */,
				AA28F7E827EAA40F005D7DA4 /* LoginViewController.swift in Sources */,
				AA202EB027E9170400F583BA /* AppDelegate.swift in Sources */,
				AA202EB227E9170400F583BA /* SceneDelegate.swift in Sources */,
				AAE12A3D27EE66AF00561904 /* FeedViewTableViewController.swift in Sources */,
				AAB80C9B27EABF2F0017C2E4 /* CameraViewController.swift in Sources */,
			);
			runOnlyForDeploymentPostprocessing = 0;
		};
		AA202EBE27E9170400F583BA /* Sources */ = {
			isa = PBXSourcesBuildPhase;
			buildActionMask = 2147483647;
			files = (
				AA202EC727E9170400F583BA /* parstagramTests.swift in Sources */,
			);
			runOnlyForDeploymentPostprocessing = 0;
		};
		AA202EC827E9170400F583BA /* Sources */ = {
			isa = PBXSourcesBuildPhase;
			buildActionMask = 2147483647;
			files = (
				AA202ED327E9170400F583BA /* parstagramUITestsLaunchTests.swift in Sources */,
				AA202ED127E9170400F583BA /* parstagramUITests.swift in Sources */,
			);
			runOnlyForDeploymentPostprocessing = 0;
		};
/* End PBXSourcesBuildPhase section */

/* Begin PBXTargetDependency section */
		AA202EC427E9170400F583BA /* PBXTargetDependency */ = {
			isa = PBXTargetDependency;
			target = AA202EAB27E9170400F583BA /* parstagram */;
			targetProxy = AA202EC327E9170400F583BA /* PBXContainerItemProxy */;
		};
		AA202ECE27E9170400F583BA /* PBXTargetDependency */ = {
			isa = PBXTargetDependency;
			target = AA202EAB27E9170400F583BA /* parstagram */;
			targetProxy = AA202ECD27E9170400F583BA /* PBXContainerItemProxy */;
		};
/* End PBXTargetDependency section */

/* Begin PBXVariantGroup section */
		AA202EB527E9170400F583BA /* Main.storyboard */ = {
			isa = PBXVariantGroup;
			children = (
				AA202EB627E9170400F583BA /* Base */,
			);
			name = Main.storyboard;
			sourceTree = "<group>";
		};
		AA202EBA27E9170400F583BA /* LaunchScreen.storyboard */ = {
			isa = PBXVariantGroup;
			children = (
				AA202EBB27E9170400F583BA /* Base */,
			);
			name = LaunchScreen.storyboard;
			sourceTree = "<group>";
		};
/* End PBXVariantGroup section */

/* Begin XCBuildConfiguration section */
		AA202ED427E9170400F583BA /* Debug */ = {
			isa = XCBuildConfiguration;
			buildSettings = {
				ALWAYS_SEARCH_USER_PATHS = NO;
				CLANG_ANALYZER_NONNULL = YES;
				CLANG_ANALYZER_NUMBER_OBJECT_CONVERSION = YES_AGGRESSIVE;
				CLANG_CXX_LANGUAGE_STANDARD = "gnu++17";
				CLANG_CXX_LIBRARY = "libc++";
				CLANG_ENABLE_MODULES = YES;
				CLANG_ENABLE_OBJC_ARC = YES;
				CLANG_ENABLE_OBJC_WEAK = YES;
				CLANG_WARN_BLOCK_CAPTURE_AUTORELEASING = YES;
				CLANG_WARN_BOOL_CONVERSION = YES;
				CLANG_WARN_COMMA = YES;
				CLANG_WARN_CONSTANT_CONVERSION = YES;
				CLANG_WARN_DEPRECATED_OBJC_IMPLEMENTATIONS = YES;
				CLANG_WARN_DIRECT_OBJC_ISA_USAGE = YES_ERROR;
				CLANG_WARN_DOCUMENTATION_COMMENTS = YES;
				CLANG_WARN_EMPTY_BODY = YES;
				CLANG_WARN_ENUM_CONVERSION = YES;
				CLANG_WARN_INFINITE_RECURSION = YES;
				CLANG_WARN_INT_CONVERSION = YES;
				CLANG_WARN_NON_LITERAL_NULL_CONVERSION = YES;
				CLANG_WARN_OBJC_IMPLICIT_RETAIN_SELF = YES;
				CLANG_WARN_OBJC_LITERAL_CONVERSION = YES;
				CLANG_WARN_OBJC_ROOT_CLASS = YES_ERROR;
				CLANG_WARN_QUOTED_INCLUDE_IN_FRAMEWORK_HEADER = YES;
				CLANG_WARN_RANGE_LOOP_ANALYSIS = YES;
				CLANG_WARN_STRICT_PROTOTYPES = YES;
				CLANG_WARN_SUSPICIOUS_MOVE = YES;
				CLANG_WARN_UNGUARDED_AVAILABILITY = YES_AGGRESSIVE;
				CLANG_WARN_UNREACHABLE_CODE = YES;
				CLANG_WARN__DUPLICATE_METHOD_MATCH = YES;
				COPY_PHASE_STRIP = NO;
				DEBUG_INFORMATION_FORMAT = dwarf;
				ENABLE_STRICT_OBJC_MSGSEND = YES;
				ENABLE_TESTABILITY = YES;
				GCC_C_LANGUAGE_STANDARD = gnu11;
				GCC_DYNAMIC_NO_PIC = NO;
				GCC_NO_COMMON_BLOCKS = YES;
				GCC_OPTIMIZATION_LEVEL = 0;
				GCC_PREPROCESSOR_DEFINITIONS = (
					"DEBUG=1",
					"$(inherited)",
				);
				GCC_WARN_64_TO_32_BIT_CONVERSION = YES;
				GCC_WARN_ABOUT_RETURN_TYPE = YES_ERROR;
				GCC_WARN_UNDECLARED_SELECTOR = YES;
				GCC_WARN_UNINITIALIZED_AUTOS = YES_AGGRESSIVE;
				GCC_WARN_UNUSED_FUNCTION = YES;
				GCC_WARN_UNUSED_VARIABLE = YES;
				IPHONEOS_DEPLOYMENT_TARGET = 15.2;
				MTL_ENABLE_DEBUG_INFO = INCLUDE_SOURCE;
				MTL_FAST_MATH = YES;
				ONLY_ACTIVE_ARCH = YES;
				SDKROOT = iphoneos;
				SWIFT_ACTIVE_COMPILATION_CONDITIONS = DEBUG;
				SWIFT_OPTIMIZATION_LEVEL = "-Onone";
			};
			name = Debug;
		};
		AA202ED527E9170400F583BA /* Release */ = {
			isa = XCBuildConfiguration;
			buildSettings = {
				ALWAYS_SEARCH_USER_PATHS = NO;
				CLANG_ANALYZER_NONNULL = YES;
				CLANG_ANALYZER_NUMBER_OBJECT_CONVERSION = YES_AGGRESSIVE;
				CLANG_CXX_LANGUAGE_STANDARD = "gnu++17";
				CLANG_CXX_LIBRARY = "libc++";
				CLANG_ENABLE_MODULES = YES;
				CLANG_ENABLE_OBJC_ARC = YES;
				CLANG_ENABLE_OBJC_WEAK = YES;
				CLANG_WARN_BLOCK_CAPTURE_AUTORELEASING = YES;
				CLANG_WARN_BOOL_CONVERSION = YES;
				CLANG_WARN_COMMA = YES;
				CLANG_WARN_CONSTANT_CONVERSION = YES;
				CLANG_WARN_DEPRECATED_OBJC_IMPLEMENTATIONS = YES;
				CLANG_WARN_DIRECT_OBJC_ISA_USAGE = YES_ERROR;
				CLANG_WARN_DOCUMENTATION_COMMENTS = YES;
				CLANG_WARN_EMPTY_BODY = YES;
				CLANG_WARN_ENUM_CONVERSION = YES;
				CLANG_WARN_INFINITE_RECURSION = YES;
				CLANG_WARN_INT_CONVERSION = YES;
				CLANG_WARN_NON_LITERAL_NULL_CONVERSION = YES;
				CLANG_WARN_OBJC_IMPLICIT_RETAIN_SELF = YES;
				CLANG_WARN_OBJC_LITERAL_CONVERSION = YES;
				CLANG_WARN_OBJC_ROOT_CLASS = YES_ERROR;
				CLANG_WARN_QUOTED_INCLUDE_IN_FRAMEWORK_HEADER = YES;
				CLANG_WARN_RANGE_LOOP_ANALYSIS = YES;
				CLANG_WARN_STRICT_PROTOTYPES = YES;
				CLANG_WARN_SUSPICIOUS_MOVE = YES;
				CLANG_WARN_UNGUARDED_AVAILABILITY = YES_AGGRESSIVE;
				CLANG_WARN_UNREACHABLE_CODE = YES;
				CLANG_WARN__DUPLICATE_METHOD_MATCH = YES;
				COPY_PHASE_STRIP = NO;
				DEBUG_INFORMATION_FORMAT = "dwarf-with-dsym";
				ENABLE_NS_ASSERTIONS = NO;
				ENABLE_STRICT_OBJC_MSGSEND = YES;
				GCC_C_LANGUAGE_STANDARD = gnu11;
				GCC_NO_COMMON_BLOCKS = YES;
				GCC_WARN_64_TO_32_BIT_CONVERSION = YES;
				GCC_WARN_ABOUT_RETURN_TYPE = YES_ERROR;
				GCC_WARN_UNDECLARED_SELECTOR = YES;
				GCC_WARN_UNINITIALIZED_AUTOS = YES_AGGRESSIVE;
				GCC_WARN_UNUSED_FUNCTION = YES;
				GCC_WARN_UNUSED_VARIABLE = YES;
				IPHONEOS_DEPLOYMENT_TARGET = 15.2;
				MTL_ENABLE_DEBUG_INFO = NO;
				MTL_FAST_MATH = YES;
				SDKROOT = iphoneos;
				SWIFT_COMPILATION_MODE = wholemodule;
				SWIFT_OPTIMIZATION_LEVEL = "-O";
				VALIDATE_PRODUCT = YES;
			};
			name = Release;
		};
		AA202ED727E9170400F583BA /* Debug */ = {
			isa = XCBuildConfiguration;
			baseConfigurationReference = 81FBD85A602CB75106BA4D05 /* Pods-parstagram.debug.xcconfig */;
			buildSettings = {
				ASSETCATALOG_COMPILER_APPICON_NAME = AppIcon;
				ASSETCATALOG_COMPILER_GLOBAL_ACCENT_COLOR_NAME = AccentColor;
				CODE_SIGN_STYLE = Automatic;
				CURRENT_PROJECT_VERSION = 1;
				DEVELOPMENT_TEAM = 2A37RG8995;
				GENERATE_INFOPLIST_FILE = YES;
				INFOPLIST_FILE = parstagram/Info.plist;
				INFOPLIST_KEY_UIApplicationSupportsIndirectInputEvents = YES;
				INFOPLIST_KEY_UILaunchStoryboardName = LaunchScreen;
				INFOPLIST_KEY_UIMainStoryboardFile = Main;
				INFOPLIST_KEY_UISupportedInterfaceOrientations_iPad = "UIInterfaceOrientationPortrait UIInterfaceOrientationPortraitUpsideDown UIInterfaceOrientationLandscapeLeft UIInterfaceOrientationLandscapeRight";
				INFOPLIST_KEY_UISupportedInterfaceOrientations_iPhone = "UIInterfaceOrientationPortrait UIInterfaceOrientationLandscapeLeft UIInterfaceOrientationLandscapeRight";
				LD_RUNPATH_SEARCH_PATHS = (
					"$(inherited)",
					"@executable_path/Frameworks",
				);
				MARKETING_VERSION = 1.0;
				PRODUCT_BUNDLE_IDENTIFIER = com.pratyush14smart.parstagram;
				PRODUCT_NAME = "$(TARGET_NAME)";
				SWIFT_EMIT_LOC_STRINGS = YES;
				SWIFT_VERSION = 5.0;
				TARGETED_DEVICE_FAMILY = "1,2";
			};
			name = Debug;
		};
		AA202ED827E9170400F583BA /* Release */ = {
			isa = XCBuildConfiguration;
			baseConfigurationReference = C44AD15CF9593CB31BD94C73 /* Pods-parstagram.release.xcconfig */;
			buildSettings = {
				ASSETCATALOG_COMPILER_APPICON_NAME = AppIcon;
				ASSETCATALOG_COMPILER_GLOBAL_ACCENT_COLOR_NAME = AccentColor;
				CODE_SIGN_STYLE = Automatic;
				CURRENT_PROJECT_VERSION = 1;
				DEVELOPMENT_TEAM = 2A37RG8995;
				GENERATE_INFOPLIST_FILE = YES;
				INFOPLIST_FILE = parstagram/Info.plist;
				INFOPLIST_KEY_UIApplicationSupportsIndirectInputEvents = YES;
				INFOPLIST_KEY_UILaunchStoryboardName = LaunchScreen;
				INFOPLIST_KEY_UIMainStoryboardFile = Main;
				INFOPLIST_KEY_UISupportedInterfaceOrientations_iPad = "UIInterfaceOrientationPortrait UIInterfaceOrientationPortraitUpsideDown UIInterfaceOrientationLandscapeLeft UIInterfaceOrientationLandscapeRight";
				INFOPLIST_KEY_UISupportedInterfaceOrientations_iPhone = "UIInterfaceOrientationPortrait UIInterfaceOrientationLandscapeLeft UIInterfaceOrientationLandscapeRight";
				LD_RUNPATH_SEARCH_PATHS = (
					"$(inherited)",
					"@executable_path/Frameworks",
				);
				MARKETING_VERSION = 1.0;
				PRODUCT_BUNDLE_IDENTIFIER = com.pratyush14smart.parstagram;
				PRODUCT_NAME = "$(TARGET_NAME)";
				SWIFT_EMIT_LOC_STRINGS = YES;
				SWIFT_VERSION = 5.0;
				TARGETED_DEVICE_FAMILY = "1,2";
			};
			name = Release;
		};
		AA202EDA27E9170400F583BA /* Debug */ = {
			isa = XCBuildConfiguration;
			buildSettings = {
				ALWAYS_EMBED_SWIFT_STANDARD_LIBRARIES = YES;
				BUNDLE_LOADER = "$(TEST_HOST)";
				CODE_SIGN_STYLE = Automatic;
				CURRENT_PROJECT_VERSION = 1;
				DEVELOPMENT_TEAM = 2A37RG8995;
				GENERATE_INFOPLIST_FILE = YES;
				IPHONEOS_DEPLOYMENT_TARGET = 15.2;
				MARKETING_VERSION = 1.0;
				PRODUCT_BUNDLE_IDENTIFIER = com.pratyush14smart.parstagramTests;
				PRODUCT_NAME = "$(TARGET_NAME)";
				SWIFT_EMIT_LOC_STRINGS = NO;
				SWIFT_VERSION = 5.0;
				TARGETED_DEVICE_FAMILY = "1,2";
				TEST_HOST = "$(BUILT_PRODUCTS_DIR)/parstagram.app/parstagram";
			};
			name = Debug;
		};
		AA202EDB27E9170400F583BA /* Release */ = {
			isa = XCBuildConfiguration;
			buildSettings = {
				ALWAYS_EMBED_SWIFT_STANDARD_LIBRARIES = YES;
				BUNDLE_LOADER = "$(TEST_HOST)";
				CODE_SIGN_STYLE = Automatic;
				CURRENT_PROJECT_VERSION = 1;
				DEVELOPMENT_TEAM = 2A37RG8995;
				GENERATE_INFOPLIST_FILE = YES;
				IPHONEOS_DEPLOYMENT_TARGET = 15.2;
				MARKETING_VERSION = 1.0;
				PRODUCT_BUNDLE_IDENTIFIER = com.pratyush14smart.parstagramTests;
				PRODUCT_NAME = "$(TARGET_NAME)";
				SWIFT_EMIT_LOC_STRINGS = NO;
				SWIFT_VERSION = 5.0;
				TARGETED_DEVICE_FAMILY = "1,2";
				TEST_HOST = "$(BUILT_PRODUCTS_DIR)/parstagram.app/parstagram";
			};
			name = Release;
		};
		AA202EDD27E9170400F583BA /* Debug */ = {
			isa = XCBuildConfiguration;
			buildSettings = {
				ALWAYS_EMBED_SWIFT_STANDARD_LIBRARIES = YES;
				CODE_SIGN_STYLE = Automatic;
				CURRENT_PROJECT_VERSION = 1;
				DEVELOPMENT_TEAM = 2A37RG8995;
				GENERATE_INFOPLIST_FILE = YES;
				MARKETING_VERSION = 1.0;
				PRODUCT_BUNDLE_IDENTIFIER = com.pratyush14smart.parstagramUITests;
				PRODUCT_NAME = "$(TARGET_NAME)";
				SWIFT_EMIT_LOC_STRINGS = NO;
				SWIFT_VERSION = 5.0;
				TARGETED_DEVICE_FAMILY = "1,2";
				TEST_TARGET_NAME = parstagram;
			};
			name = Debug;
		};
		AA202EDE27E9170400F583BA /* Release */ = {
			isa = XCBuildConfiguration;
			buildSettings = {
				ALWAYS_EMBED_SWIFT_STANDARD_LIBRARIES = YES;
				CODE_SIGN_STYLE = Automatic;
				CURRENT_PROJECT_VERSION = 1;
				DEVELOPMENT_TEAM = 2A37RG8995;
				GENERATE_INFOPLIST_FILE = YES;
				MARKETING_VERSION = 1.0;
				PRODUCT_BUNDLE_IDENTIFIER = com.pratyush14smart.parstagramUITests;
				PRODUCT_NAME = "$(TARGET_NAME)";
				SWIFT_EMIT_LOC_STRINGS = NO;
				SWIFT_VERSION = 5.0;
				TARGETED_DEVICE_FAMILY = "1,2";
				TEST_TARGET_NAME = parstagram;
			};
			name = Release;
		};
/* End XCBuildConfiguration section */

/* Begin XCConfigurationList section */
		AA202EA727E9170400F583BA /* Build configuration list for PBXProject "parstagram" */ = {
			isa = XCConfigurationList;
			buildConfigurations = (
				AA202ED427E9170400F583BA /* Debug */,
				AA202ED527E9170400F583BA /* Release */,
			);
			defaultConfigurationIsVisible = 0;
			defaultConfigurationName = Release;
		};
		AA202ED627E9170400F583BA /* Build configuration list for PBXNativeTarget "parstagram" */ = {
			isa = XCConfigurationList;
			buildConfigurations = (
				AA202ED727E9170400F583BA /* Debug */,
				AA202ED827E9170400F583BA /* Release */,
			);
			defaultConfigurationIsVisible = 0;
			defaultConfigurationName = Release;
		};
		AA202ED927E9170400F583BA /* Build configuration list for PBXNativeTarget "parstagramTests" */ = {
			isa = XCConfigurationList;
			buildConfigurations = (
				AA202EDA27E9170400F583BA /* Debug */,
				AA202EDB27E9170400F583BA /* Release */,
			);
			defaultConfigurationIsVisible = 0;
			defaultConfigurationName = Release;
		};
		AA202EDC27E9170400F583BA /* Build configuration list for PBXNativeTarget "parstagramUITests" */ = {
			isa = XCConfigurationList;
			buildConfigurations = (
				AA202EDD27E9170400F583BA /* Debug */,
				AA202EDE27E9170400F583BA /* Release */,
			);
			defaultConfigurationIsVisible = 0;
			defaultConfigurationName = Release;
		};
/* End XCConfigurationList section */
	};
	rootObject = AA202EA427E9170400F583BA /* Project object */;
}
